
Microsoft Visual Studio Solution File, Format Version 12.00
# Visual Studio Version 16
VisualStudioVersion = 16.0.29025.244
MinimumVisualStudioVersion = 10.0.40219.1
Project("{FAE04EC0-301F-11D3-BF4B-00C04F79EFBC}") = "PlayTennis", "PlayTennis.csproj", "{CE39E113-90E7-41E2-82CD-602EE59DD3AA}"
EndProject
Project("{FAE04EC0-301F-11D3-BF4B-00C04F79EFBC}") = "PlayTennis.Tests", "..\PlayTennis.Tests\PlayTennis.Tests.csproj", "{01D6DA79-49D2-46AA-B821-E3477FC2499F}"
EndProject
Global
	GlobalSection(SolutionConfigurationPlatforms) = preSolution
		Debug|Any CPU = Debug|Any CPU
		Release|Any CPU = Release|Any CPU
	EndGlobalSection
	GlobalSection(ProjectConfigurationPlatforms) = postSolution
		{CE39E113-90E7-41E2-82CD-602EE59DD3AA}.Debug|Any CPU.ActiveCfg = Debug|Any CPU
		{CE39E113-90E7-41E2-82CD-602EE59DD3AA}.Debug|Any CPU.Build.0 = Debug|Any CPU
		{CE39E113-90E7-41E2-82CD-602EE59DD3AA}.Release|Any CPU.ActiveCfg = Release|Any CPU
		{CE39E113-90E7-41E2-82CD-602EE59DD3AA}.Release|Any CPU.Build.0 = Release|Any CPU
		{01D6DA79-49D2-46AA-B821-E3477FC2499F}.Debug|Any CPU.ActiveCfg = Debug|Any CPU
		{01D6DA79-49D2-46AA-B821-E3477FC2499F}.Debug|Any CPU.Build.0 = Debug|Any CPU
		{01D6DA79-49D2-46AA-B821-E3477FC2499F}.Release|Any CPU.ActiveCfg = Release|Any CPU
		{01D6DA79-49D2-46AA-B821-E3477FC2499F}.Release|Any CPU.Build.0 = Release|Any CPU
	EndGlobalSection
	GlobalSection(SolutionProperties) = preSolution
		HideSolutionNode = FALSE
	EndGlobalSection
	GlobalSection(ExtensibilityGlobals) = postSolution
		SolutionGuid = {8716F0B0-5498-4632-AF57-46112CF135F0}
	EndGlobalSection
EndGlobal
